--- Cargo.lock.orig	2022-10-07 01:58:24 UTC
+++ Cargo.lock
@@ -19,14 +19,23 @@ checksum = "f26201604c87b1e01bd3d98f8d5d9a8fcbb815e8ce
 
 [[package]]
 name = "aho-corasick"
-version = "0.7.18"
+version = "0.7.19"
 source = "registry+https://github.com/rust-lang/crates.io-index"
-checksum = "1e37cfd5e7657ada45f742d6e99ca5788580b5c529dc78faf11ece6dc702656f"
+checksum = "b4f55bd91a0978cbfd91c457a164bab8b4001c833b7f323132c0a4e1922dd44e"
 dependencies = [
  "memchr",
 ]
 
 [[package]]
+name = "android_system_properties"
+version = "0.1.5"
+source = "registry+https://github.com/rust-lang/crates.io-index"
+checksum = "819e7219dbd41043ac279b19830f2efc897156490d7fd6ea916720117ee66311"
+dependencies = [
+ "libc",
+]
+
+[[package]]
 name = "ansi_term"
 version = "0.12.1"
 source = "registry+https://github.com/rust-lang/crates.io-index"
@@ -87,9 +96,9 @@ checksum = "d468802bab17cbc0cc575e9b053f41e72aa36bfa6b
 
 [[package]]
 name = "backtrace"
-version = "0.3.65"
+version = "0.3.66"
 source = "registry+https://github.com/rust-lang/crates.io-index"
-checksum = "11a17d453482a265fd5f8479f2a3f405566e6ca627837aaddb85af8b1ab8ef61"
+checksum = "cab84319d616cfb654d03394f38ab7e6f0919e181b1b57e1fd15e7fb4077d9a7"
 dependencies = [
  "addr2line",
  "cc",
@@ -150,6 +159,12 @@ dependencies = [
 ]
 
 [[package]]
+name = "bumpalo"
+version = "3.11.0"
+source = "registry+https://github.com/rust-lang/crates.io-index"
+checksum = "c1ad822118d20d2c234f427000d5acc36eabe1e29a348c89b63dd60b13f28e5d"
+
+[[package]]
 name = "byteorder"
 version = "1.4.3"
 source = "registry+https://github.com/rust-lang/crates.io-index"
@@ -219,14 +234,16 @@ checksum = "baf1de4339761588bc0619e3cbc0120ee582ebb74b
 
 [[package]]
 name = "chrono"
-version = "0.4.19"
+version = "0.4.22"
 source = "registry+https://github.com/rust-lang/crates.io-index"
-checksum = "670ad68c9088c2a963aaa298cb369688cf3f9465ce5e2d4ca10e6e0098a1ce73"
+checksum = "bfd4d1b31faaa3a89d7934dbded3111da0d2ef28e3ebccdb4f0179f5929d1ef1"
 dependencies = [
- "libc",
+ "iana-time-zone",
+ "js-sys",
  "num-integer",
  "num-traits",
  "time",
+ "wasm-bindgen",
  "winapi 0.3.9",
 ]
 
@@ -285,14 +302,13 @@ dependencies = [
 
 [[package]]
 name = "console"
-version = "0.15.0"
+version = "0.15.2"
 source = "registry+https://github.com/rust-lang/crates.io-index"
-checksum = "a28b32d32ca44b70c3e4acd7db1babf555fa026e385fb95f18028f88848b3c31"
+checksum = "c050367d967ced717c04b65d8c619d863ef9292ce0c5760028655a2fb298718c"
 dependencies = [
  "encode_unicode",
+ "lazy_static 1.4.0",
  "libc",
- "once_cell",
- "regex",
  "terminal_size",
  "unicode-width",
  "winapi 0.3.9",
@@ -407,19 +423,18 @@ dependencies = [
 
 [[package]]
 name = "crossbeam-utils"
-version = "0.8.8"
+version = "0.8.12"
 source = "registry+https://github.com/rust-lang/crates.io-index"
-checksum = "0bf124c720b7686e3c2663cf54062ab0f68a88af2fb6a030e87e30bf721fcb38"
+checksum = "edbafec5fa1f196ca66527c1b12c2ec4745ca14b50f1ad8f9f6f720b55d11fac"
 dependencies = [
  "cfg-if 1.0.0",
- "lazy_static 1.4.0",
 ]
 
 [[package]]
 name = "curl"
-version = "0.4.43"
+version = "0.4.44"
 source = "registry+https://github.com/rust-lang/crates.io-index"
-checksum = "37d855aeef205b43f65a5001e0997d81f8efca7badad4fad7d897aa7f0d0651f"
+checksum = "509bd11746c7ac09ebd19f0b17782eae80aadee26237658a6b4808afb5c11a22"
 dependencies = [
  "curl-sys",
  "libc",
@@ -432,9 +447,9 @@ dependencies = [
 
 [[package]]
 name = "curl-sys"
-version = "0.4.55+curl-7.83.1"
+version = "0.4.56+curl-7.83.1"
 source = "registry+https://github.com/rust-lang/crates.io-index"
-checksum = "23734ec77368ec583c2e61dd3f0b0e5c98b93abe6d2a004ca06b91dd7e3e2762"
+checksum = "6093e169dd4de29e468fa649fbae11cdcd5551c81fe5bf1b0677adad7ef3d26f"
 dependencies = [
  "cc",
  "libc",
@@ -451,7 +466,7 @@ version = "0.3.0"
 source = "registry+https://github.com/rust-lang/crates.io-index"
 checksum = "1ad1c29a0368928e78c551354dbff79f103a962ad820519724ef0d74f1c62fa9"
 dependencies = [
- "console 0.15.0",
+ "console 0.15.2",
  "lazy_static 1.4.0",
  "tempfile 2.2.0",
 ]
@@ -481,9 +496,9 @@ checksum = "56899898ce76aaf4a0f24d914c97ea6ed976d42fec
 
 [[package]]
 name = "either"
-version = "1.6.1"
+version = "1.8.0"
 source = "registry+https://github.com/rust-lang/crates.io-index"
-checksum = "e78d4f1cc4ae33bbfc157ed5d5a5ef3bc29227303d595861deb238fcec4e9457"
+checksum = "90e5c1c8368803113bf0c9584fc495a58b86dc8a29edbf8fe877d21d9507e797"
 
 [[package]]
 name = "encode_unicode"
@@ -548,23 +563,23 @@ dependencies = [
 
 [[package]]
 name = "fastrand"
-version = "1.7.0"
+version = "1.8.0"
 source = "registry+https://github.com/rust-lang/crates.io-index"
-checksum = "c3fcf0cee53519c866c09b5de1f6c56ff9d647101f81c1964fa632e148896cdf"
+checksum = "a7a407cfaa3385c4ae6b23e84623d48c2798d06e3e6a1878f7f59f17b3f86499"
 dependencies = [
  "instant",
 ]
 
 [[package]]
 name = "filetime"
-version = "0.2.16"
+version = "0.2.17"
 source = "registry+https://github.com/rust-lang/crates.io-index"
-checksum = "c0408e2626025178a6a7f7ffc05a25bc47103229f19c113755de7bf63816290c"
+checksum = "e94a7bbaa59354bc20dd75b67f23e2797b4490e9d6928203fb105c79e448c86c"
 dependencies = [
  "cfg-if 1.0.0",
  "libc",
- "redox_syscall 0.2.13",
- "winapi 0.3.9",
+ "redox_syscall 0.2.16",
+ "windows-sys",
 ]
 
 [[package]]
@@ -609,12 +624,11 @@ checksum = "00b0228411908ca8685dba7fc2cdd70ec9990a6e75
 
 [[package]]
 name = "form_urlencoded"
-version = "1.0.1"
+version = "1.1.0"
 source = "registry+https://github.com/rust-lang/crates.io-index"
-checksum = "5fc25a87fa4fd2094bffb06925852034d90a17f0d1e05197d4956d3555752191"
+checksum = "a9c384f161156f5260c24a097c56119f9be8c798586aecc13afbcbe7b7e26bf8"
 dependencies = [
- "matches",
- "percent-encoding 2.1.0",
+ "percent-encoding 2.2.0",
 ]
 
 [[package]]
@@ -668,20 +682,20 @@ dependencies = [
 
 [[package]]
 name = "getrandom"
-version = "0.2.6"
+version = "0.2.7"
 source = "registry+https://github.com/rust-lang/crates.io-index"
-checksum = "9be70c98951c83b8d2f8f60d7065fa6d5146873094452a1008da8c2f1e4205ad"
+checksum = "4eb1a864a501629691edf6c15a593b7a51eebaa1e8468e9ddc623de7c9b58ec6"
 dependencies = [
  "cfg-if 1.0.0",
  "libc",
- "wasi 0.10.2+wasi-snapshot-preview1",
+ "wasi 0.11.0+wasi-snapshot-preview1",
 ]
 
 [[package]]
 name = "gimli"
-version = "0.26.1"
+version = "0.26.2"
 source = "registry+https://github.com/rust-lang/crates.io-index"
-checksum = "78cc372d058dcf6d5ecd98510e7fbc9e5aec4d21de70f65fea8fecebcd881bd4"
+checksum = "22030e2c5a68ec659fde1e949a745124b48e6fa8b045b7ed5bd1fe4ccc5c4e5d"
 
 [[package]]
 name = "glob"
@@ -709,9 +723,9 @@ dependencies = [
 
 [[package]]
 name = "hashbrown"
-version = "0.11.2"
+version = "0.12.3"
 source = "registry+https://github.com/rust-lang/crates.io-index"
-checksum = "ab5ef0d4909ef3724cc8cce6ccc8572c5c817592e9285f5464f8e86f8bd3726e"
+checksum = "8a9ee70c43aaf417c914396645a0fa852624801b24ebb7ae78fe8272889ac888"
 
 [[package]]
 name = "heck"
@@ -762,9 +776,9 @@ dependencies = [
 
 [[package]]
 name = "httparse"
-version = "1.7.1"
+version = "1.8.0"
 source = "registry+https://github.com/rust-lang/crates.io-index"
-checksum = "496ce29bb5a52785b44e0f7ca2847ae0bb839c9bd28f69acac9b99d461c0c04c"
+checksum = "d897f394bad6a705d5f4104762e116a75639e470d80901eed05a860a95cb1904"
 
 [[package]]
 name = "human-panic"
@@ -834,6 +848,19 @@ dependencies = [
 ]
 
 [[package]]
+name = "iana-time-zone"
+version = "0.1.50"
+source = "registry+https://github.com/rust-lang/crates.io-index"
+checksum = "fd911b35d940d2bd0bea0f9100068e5b97b51a1cbe13d13382f132e0365257a0"
+dependencies = [
+ "android_system_properties",
+ "core-foundation-sys",
+ "js-sys",
+ "wasm-bindgen",
+ "winapi 0.3.9",
+]
+
+[[package]]
 name = "idna"
 version = "0.1.5"
 source = "registry+https://github.com/rust-lang/crates.io-index"
@@ -856,10 +883,20 @@ dependencies = [
 ]
 
 [[package]]
+name = "idna"
+version = "0.3.0"
+source = "registry+https://github.com/rust-lang/crates.io-index"
+checksum = "e14ddfc70884202db2244c223200c204c2bda1bc6e0998d11b5e024d657209e6"
+dependencies = [
+ "unicode-bidi",
+ "unicode-normalization",
+]
+
+[[package]]
 name = "indexmap"
-version = "1.8.2"
+version = "1.9.1"
 source = "registry+https://github.com/rust-lang/crates.io-index"
-checksum = "e6012d540c5baa3589337a98ce73408de9b5a25ec9fc2c6fd6be8f0d39e0ca5a"
+checksum = "10a35a97730320ffe8e2d410b5d3b69279b98d2c14bdb8b70ea89ecf7888d41e"
 dependencies = [
  "autocfg 1.1.0",
  "hashbrown",
@@ -900,11 +937,20 @@ checksum = "b71991ff56294aa922b450139ee08b3bfc70982c6b
 
 [[package]]
 name = "itoa"
-version = "1.0.2"
+version = "1.0.4"
 source = "registry+https://github.com/rust-lang/crates.io-index"
-checksum = "112c678d4050afce233f4f2852bb2eb519230b3cf12f33585275537d7e41578d"
+checksum = "4217ad341ebadf8d8e724e264f13e593e0648f5b3e94b3896a5df283be015ecc"
 
 [[package]]
+name = "js-sys"
+version = "0.3.60"
+source = "registry+https://github.com/rust-lang/crates.io-index"
+checksum = "49409df3e3bf0856b916e2ceaca09ee28e6871cf7d9ce97a692cacfdb2a25a47"
+dependencies = [
+ "wasm-bindgen",
+]
+
+[[package]]
 name = "kernel32-sys"
 version = "0.2.2"
 source = "registry+https://github.com/rust-lang/crates.io-index"
@@ -928,9 +974,9 @@ checksum = "e2abad23fbc42b3700f2f279844dc832adb2b2eb06
 
 [[package]]
 name = "libc"
-version = "0.2.126"
+version = "0.2.134"
 source = "registry+https://github.com/rust-lang/crates.io-index"
-checksum = "349d5a591cd28b49e1d1037471617a32ddcda5731b99419008085f72d5a53836"
+checksum = "329c933548736bc49fd575ee68c89e8be4d260064184389a5b77517cddd99ffb"
 
 [[package]]
 name = "libz-sys"
@@ -965,9 +1011,9 @@ dependencies = [
 
 [[package]]
 name = "lock_api"
-version = "0.4.7"
+version = "0.4.9"
 source = "registry+https://github.com/rust-lang/crates.io-index"
-checksum = "327fa5b6a6940e4699ec49a9beae1ea4845c6bab9314e4f84ac68742139d8c53"
+checksum = "435011366fe56583b16cf956f9df0095b405b82d76425bc8981c0e22e60ec4df"
 dependencies = [
  "autocfg 1.1.0",
  "scopeguard 1.1.0",
@@ -1027,9 +1073,9 @@ dependencies = [
 
 [[package]]
 name = "miniz_oxide"
-version = "0.5.3"
+version = "0.5.4"
 source = "registry+https://github.com/rust-lang/crates.io-index"
-checksum = "6f5c75688da582b8ffc1f1799e9db273f32133c49e048f614d22ec3256773ccc"
+checksum = "96590ba8f175222643a85693f33d26e9c8a015f599c216509b1a6894af675d34"
 dependencies = [
  "adler",
 ]
@@ -1131,24 +1177,24 @@ dependencies = [
 
 [[package]]
 name = "object"
-version = "0.28.4"
+version = "0.29.0"
 source = "registry+https://github.com/rust-lang/crates.io-index"
-checksum = "e42c982f2d955fac81dd7e1d0e1426a7d702acd9c98d19ab01083a6a0328c424"
+checksum = "21158b2c33aa6d4561f1c0a6ea283ca92bc54802a93b263e910746d679a7eb53"
 dependencies = [
  "memchr",
 ]
 
 [[package]]
 name = "once_cell"
-version = "1.12.0"
+version = "1.15.0"
 source = "registry+https://github.com/rust-lang/crates.io-index"
-checksum = "7709cef83f0c1f58f666e746a08b21e0085f7440fa6a29cc194d68aac97a4225"
+checksum = "e82dad04139b71a90c080c8463fe0dc7902db5192d939bd0950f074d014339e1"
 
 [[package]]
 name = "openssl"
-version = "0.10.40"
+version = "0.10.42"
 source = "registry+https://github.com/rust-lang/crates.io-index"
-checksum = "fb81a6430ac911acb25fe5ac8f1d2af1b4ea8a4fdfda0f1ee4292af2e2d8eb0e"
+checksum = "12fc0523e3bd51a692c8850d075d74dc062ccf251c0110668cbd921917118a13"
 dependencies = [
  "bitflags",
  "cfg-if 1.0.0",
@@ -1178,18 +1224,18 @@ checksum = "ff011a302c396a5197692431fc1948019154afc178
 
 [[package]]
 name = "openssl-src"
-version = "111.20.0+1.1.1o"
+version = "111.22.0+1.1.1q"
 source = "registry+https://github.com/rust-lang/crates.io-index"
-checksum = "92892c4f87d56e376e469ace79f1128fdaded07646ddf73aa0be4706ff712dec"
+checksum = "8f31f0d509d1c1ae9cada2f9539ff8f37933831fd5098879e482aa687d659853"
 dependencies = [
  "cc",
 ]
 
 [[package]]
 name = "openssl-sys"
-version = "0.9.74"
+version = "0.9.76"
 source = "registry+https://github.com/rust-lang/crates.io-index"
-checksum = "835363342df5fba8354c5b453325b110ffd54044e588c539cf2f20a8014e4cb1"
+checksum = "5230151e44c0f05157effb743e8d517472843121cf9243e8b81393edb5acd9ce"
 dependencies = [
  "autocfg 1.1.0",
  "cc",
@@ -1201,9 +1247,9 @@ dependencies = [
 
 [[package]]
 name = "os_type"
-version = "2.4.0"
+version = "2.6.0"
 source = "registry+https://github.com/rust-lang/crates.io-index"
-checksum = "c3df761f6470298359f84fcfb60d86db02acc22c251c37265c07a3d1057d2389"
+checksum = "e24d44c0eea30167516ed8f6daca4b5e3eebcde1bde1e4e6e08b809fb02c7ba5"
 dependencies = [
  "regex",
 ]
@@ -1244,7 +1290,7 @@ version = "0.12.1"
 source = "registry+https://github.com/rust-lang/crates.io-index"
 checksum = "3742b2c103b9f06bc9fff0a37ff4912935851bee6d36f3c02bcc755bcfec228f"
 dependencies = [
- "lock_api 0.4.7",
+ "lock_api 0.4.9",
  "parking_lot_core 0.9.3",
 ]
 
@@ -1284,8 +1330,8 @@ checksum = "09a279cbf25cb0757810394fbc1e359949b59e3481
 dependencies = [
  "cfg-if 1.0.0",
  "libc",
- "redox_syscall 0.2.13",
- "smallvec 1.8.0",
+ "redox_syscall 0.2.16",
+ "smallvec 1.10.0",
  "windows-sys",
 ]
 
@@ -1297,9 +1343,9 @@ checksum = "31010dd2e1ac33d5b46a5b413495239882813e0369
 
 [[package]]
 name = "percent-encoding"
-version = "2.1.0"
+version = "2.2.0"
 source = "registry+https://github.com/rust-lang/crates.io-index"
-checksum = "d4fd5641d01c8f18a23da7b6fe29298ff4b55afcccdf78973b24cf3175fee32e"
+checksum = "478c572c3d73181ff3c2539045f6eb99e5491218eae919370993b890cdbdd98e"
 
 [[package]]
 name = "pkg-config"
@@ -1362,9 +1408,9 @@ dependencies = [
 
 [[package]]
 name = "proc-macro2"
-version = "1.0.39"
+version = "1.0.46"
 source = "registry+https://github.com/rust-lang/crates.io-index"
-checksum = "c54b25569025b7fc9651de43004ae593a75ad88543b17178aa5e1b9c4f15f56f"
+checksum = "94e2ef8dbfc347b10c094890f778ee2e36ca9bb4262e86dc99cd217e35f3470b"
 dependencies = [
  "unicode-ident",
 ]
@@ -1376,7 +1422,7 @@ source = "registry+https://github.com/rust-lang/crates
 checksum = "95b4ce31ff0a27d93c8de1849cf58162283752f065a90d508f1105fa6c9a213f"
 dependencies = [
  "idna 0.2.3",
- "url 2.2.2",
+ "url 2.3.1",
 ]
 
 [[package]]
@@ -1387,9 +1433,9 @@ checksum = "a1d01941d82fa2ab50be1e79e6714289dd7cde78eb
 
 [[package]]
 name = "quote"
-version = "1.0.18"
+version = "1.0.21"
 source = "registry+https://github.com/rust-lang/crates.io-index"
-checksum = "a1feb54ed693b93a84e14094943b84b7c4eae204c512b7ccb95ab0c66d278ad1"
+checksum = "bbe448f377a7d6961e30f5955f9b8d106c3f5e449d493ee1b125c1d43c2b5179"
 dependencies = [
  "proc-macro2",
 ]
@@ -1553,9 +1599,9 @@ checksum = "41cc0f7e4d5d4544e8861606a285bb08d3e70712cc
 
 [[package]]
 name = "redox_syscall"
-version = "0.2.13"
+version = "0.2.16"
 source = "registry+https://github.com/rust-lang/crates.io-index"
-checksum = "62f25bc4c7e55e0b0b7a1d43fb893f4fa1361d0abe38b9ce4f323c2adfe6ef42"
+checksum = "fb5a58c1855b4b6819d59012155603f0b22ad30cad752600aadfcb695265519a"
 dependencies = [
  "bitflags",
 ]
@@ -1573,9 +1619,9 @@ dependencies = [
 
 [[package]]
 name = "regex"
-version = "1.5.6"
+version = "1.6.0"
 source = "registry+https://github.com/rust-lang/crates.io-index"
-checksum = "d83f127d94bdbcda4c8cc2e50f6f84f4b611f69c902699ca385a39c3a75f9ff1"
+checksum = "4c4eb3267174b8c6c2f654116623910a0fef09c4753f8dd83db29c48a0df988b"
 dependencies = [
  "aho-corasick",
  "memchr",
@@ -1584,9 +1630,9 @@ dependencies = [
 
 [[package]]
 name = "regex-syntax"
-version = "0.6.26"
+version = "0.6.27"
 source = "registry+https://github.com/rust-lang/crates.io-index"
-checksum = "49b3de9ec5dc0a3417da371aab17d729997c15010e7fd24ff707773a33bddb64"
+checksum = "a3f87b73ce11b1619a3c6332f45341e0047173771e8b8b73f87bfeefb7b56244"
 
 [[package]]
 name = "remove_dir_all"
@@ -1640,7 +1686,7 @@ dependencies = [
  "base64 0.13.0",
  "blake2b_simd",
  "constant_time_eq",
- "crossbeam-utils 0.8.8",
+ "crossbeam-utils 0.8.12",
 ]
 
 [[package]]
@@ -1660,9 +1706,9 @@ dependencies = [
 
 [[package]]
 name = "ryu"
-version = "1.0.10"
+version = "1.0.11"
 source = "registry+https://github.com/rust-lang/crates.io-index"
-checksum = "f3f6f92acf49d1b98f7a81226834412ada05458b7364277387724a237f062695"
+checksum = "4501abdff3ae82a1c1b477a17252eb69cee9e66eb915c1abaa4f44d873df9f09"
 
 [[package]]
 name = "same-file"
@@ -1697,9 +1743,9 @@ checksum = "d29ab0c6d3fc0ee92fe66e2d99f700eab17a8d57d1
 
 [[package]]
 name = "security-framework"
-version = "2.6.1"
+version = "2.7.0"
 source = "registry+https://github.com/rust-lang/crates.io-index"
-checksum = "2dc14f172faf8a0194a3aded622712b0de276821addc574fa54fc0a1167e10dc"
+checksum = "2bc1bb97804af6631813c55739f771071e0f2ed33ee20b68c86ec505d906356c"
 dependencies = [
  "bitflags",
  "core-foundation",
@@ -1736,18 +1782,18 @@ checksum = "388a1df253eca08550bef6c72392cfe7c30914bf41
 
 [[package]]
 name = "serde"
-version = "1.0.137"
+version = "1.0.145"
 source = "registry+https://github.com/rust-lang/crates.io-index"
-checksum = "61ea8d54c77f8315140a05f4c7237403bf38b72704d031543aa1d16abbf517d1"
+checksum = "728eb6351430bccb993660dfffc5a72f91ccc1295abaa8ce19b27ebe4f75568b"
 dependencies = [
  "serde_derive",
 ]
 
 [[package]]
 name = "serde_derive"
-version = "1.0.137"
+version = "1.0.145"
 source = "registry+https://github.com/rust-lang/crates.io-index"
-checksum = "1f26faba0c3959972377d3b2d306ee9f71faee9714294e41bb777f83f88578be"
+checksum = "81fa1584d3d1bcacd84c277a0dfe21f5b0f6accf4a23d04d4c6d61f1af522b4c"
 dependencies = [
  "proc-macro2",
  "quote",
@@ -1765,11 +1811,11 @@ dependencies = [
 
 [[package]]
 name = "serde_json"
-version = "1.0.81"
+version = "1.0.85"
 source = "registry+https://github.com/rust-lang/crates.io-index"
-checksum = "9b7ce2b32a1aed03c558dc61a5cd328f15aff2dbc17daad8fb8af04d2100e15c"
+checksum = "e55a28e3aaef9d5ce0506d0a14dbba8054ddc7e499ef522dd8b26859ec9d4a44"
 dependencies = [
- "itoa 1.0.2",
+ "itoa 1.0.4",
  "ryu",
  "serde",
 ]
@@ -1816,9 +1862,12 @@ checksum = "0b8de496cf83d4ed58b6be86c3a275b8602f6ffe98
 
 [[package]]
 name = "slab"
-version = "0.4.6"
+version = "0.4.7"
 source = "registry+https://github.com/rust-lang/crates.io-index"
-checksum = "eb703cfe953bccee95685111adeedb76fabe4e97549a58d16f03ea7b9367bb32"
+checksum = "4614a76b2a8be0058caa9dbbaf66d988527d86d003c11a94fbd335d7661edcef"
+dependencies = [
+ "autocfg 1.1.0",
+]
 
 [[package]]
 name = "smallvec"
@@ -1831,15 +1880,15 @@ dependencies = [
 
 [[package]]
 name = "smallvec"
-version = "1.8.0"
+version = "1.10.0"
 source = "registry+https://github.com/rust-lang/crates.io-index"
-checksum = "f2dd574626839106c320a323308629dcb1acfc96e32a8cba364ddc61ac23ee83"
+checksum = "a507befe795404456341dfab10cef66ead4c041f62b8b11bbb92bffe5d0953e0"
 
 [[package]]
 name = "socket2"
-version = "0.4.4"
+version = "0.4.7"
 source = "registry+https://github.com/rust-lang/crates.io-index"
-checksum = "66d72b759436ae32898a2af0a14218dbf55efde3feeb170eb623637db85ee1e0"
+checksum = "02e2d2db9033d13a1567121ddd7a095ee144db4e1ca1b1bda3419bc0da294ebd"
 dependencies = [
  "libc",
  "winapi 0.3.9",
@@ -1892,9 +1941,9 @@ dependencies = [
 
 [[package]]
 name = "syn"
-version = "1.0.96"
+version = "1.0.102"
 source = "registry+https://github.com/rust-lang/crates.io-index"
-checksum = "0748dd251e24453cb8717f0354206b91557e4ec8703673a4b30208f2abaf1ebf"
+checksum = "3fcd952facd492f9be3ef0d0b7032a6e442ee9b361d4acc2b1d0c4aaa5f613a1"
 dependencies = [
  "proc-macro2",
  "quote",
@@ -1946,7 +1995,7 @@ dependencies = [
  "cfg-if 1.0.0",
  "fastrand",
  "libc",
- "redox_syscall 0.2.13",
+ "redox_syscall 0.2.16",
  "remove_dir_all",
  "winapi 0.3.9",
 ]
@@ -1996,18 +2045,18 @@ dependencies = [
 
 [[package]]
 name = "thiserror"
-version = "1.0.31"
+version = "1.0.37"
 source = "registry+https://github.com/rust-lang/crates.io-index"
-checksum = "bd829fe32373d27f76265620b5309d0340cb8550f523c1dda251d6298069069a"
+checksum = "10deb33631e3c9018b9baf9dcbbc4f737320d2b576bac10f6aefa048fa407e3e"
 dependencies = [
  "thiserror-impl",
 ]
 
 [[package]]
 name = "thiserror-impl"
-version = "1.0.31"
+version = "1.0.37"
 source = "registry+https://github.com/rust-lang/crates.io-index"
-checksum = "0396bc89e626244658bef819e22d0cc459e795a5ebe878e6ec336d1674a8d79a"
+checksum = "982d17546b47146b28f7c22e3d08465f6b8903d0ea13c1660d9d84a6e7adcdbb"
 dependencies = [
  "proc-macro2",
  "quote",
@@ -2016,11 +2065,12 @@ dependencies = [
 
 [[package]]
 name = "time"
-version = "0.1.43"
+version = "0.1.44"
 source = "registry+https://github.com/rust-lang/crates.io-index"
-checksum = "ca8a50ef2360fbd1eeb0ecd46795a87a19024eb4b53c5dc916ca1fd95fe62438"
+checksum = "6db9e6914ab8b1ae1c260a4ae7a49b6c5611b40328a735b21862567685e73255"
 dependencies = [
  "libc",
+ "wasi 0.10.0+wasi-snapshot-preview1",
  "winapi 0.3.9",
 ]
 
@@ -2222,36 +2272,36 @@ checksum = "099b7128301d285f79ddd55b9a83d5e6b9e97c92e0
 
 [[package]]
 name = "unicode-ident"
-version = "1.0.0"
+version = "1.0.4"
 source = "registry+https://github.com/rust-lang/crates.io-index"
-checksum = "d22af068fba1eb5edcb4aea19d382b2a3deb4c8f9d475c589b6ada9e0fd493ee"
+checksum = "dcc811dc4066ac62f84f11307873c4850cb653bfa9b1719cee2bd2204a4bc5dd"
 
 [[package]]
 name = "unicode-normalization"
-version = "0.1.19"
+version = "0.1.22"
 source = "registry+https://github.com/rust-lang/crates.io-index"
-checksum = "d54590932941a9e9266f0832deed84ebe1bf2e4c9e4a3554d393d18f5e854bf9"
+checksum = "5c5713f0fc4b5db668a2ac63cdb7bb4469d8c9fed047b1d0292cc7b0ce2ba921"
 dependencies = [
  "tinyvec",
 ]
 
 [[package]]
 name = "unicode-segmentation"
-version = "1.9.0"
+version = "1.10.0"
 source = "registry+https://github.com/rust-lang/crates.io-index"
-checksum = "7e8820f5d777f6224dc4be3632222971ac30164d4a258d595640799554ebfd99"
+checksum = "0fdbf052a0783de01e944a6ce7a8cb939e295b1e7be835a1112c3b9a7f047a5a"
 
 [[package]]
 name = "unicode-width"
-version = "0.1.9"
+version = "0.1.10"
 source = "registry+https://github.com/rust-lang/crates.io-index"
-checksum = "3ed742d4ea2bd1176e236172c8429aaf54486e7ac098db29ffe6529e0ce50973"
+checksum = "c0edd1e5b14653f783770bce4a4dabb4a5108a5370a5f5d8cfe8710c361f6c8b"
 
 [[package]]
 name = "unicode-xid"
-version = "0.2.3"
+version = "0.2.4"
 source = "registry+https://github.com/rust-lang/crates.io-index"
-checksum = "957e51f3646910546462e67d5f7599b9e4fb8acdd304b087a6494730f9eebf04"
+checksum = "f962df74c8c05a667b5ee8bcf162993134c104e96440b663c8daa176dc772d8c"
 
 [[package]]
 name = "url"
@@ -2266,14 +2316,13 @@ dependencies = [
 
 [[package]]
 name = "url"
-version = "2.2.2"
+version = "2.3.1"
 source = "registry+https://github.com/rust-lang/crates.io-index"
-checksum = "a507c383b2d33b5fc35d1861e77e6b383d158b2da5e14fe51b83dfedf6fd578c"
+checksum = "0d68c799ae75762b8c3fe375feb6600ef5602c883c5d21eb51c09f22b83c4643"
 dependencies = [
  "form_urlencoded",
- "idna 0.2.3",
- "matches",
- "percent-encoding 2.1.0",
+ "idna 0.3.0",
+ "percent-encoding 2.2.0",
 ]
 
 [[package]]
@@ -2291,7 +2340,7 @@ version = "0.8.2"
 source = "registry+https://github.com/rust-lang/crates.io-index"
 checksum = "bc5cf98d8186244414c848017f0e2676b3fcb46807f6668a97dfe67359a3c4b7"
 dependencies = [
- "getrandom 0.2.6",
+ "getrandom 0.2.7",
 ]
 
 [[package]]
@@ -2342,9 +2391,69 @@ checksum = "cccddf32554fecc6acb585f82a32a72e28b48f8c4c
 
 [[package]]
 name = "wasi"
-version = "0.10.2+wasi-snapshot-preview1"
+version = "0.10.0+wasi-snapshot-preview1"
 source = "registry+https://github.com/rust-lang/crates.io-index"
-checksum = "fd6fbd9a79829dd1ad0cc20627bf1ed606756a7f77edff7b66b7064f9cb327c6"
+checksum = "1a143597ca7c7793eff794def352d41792a93c481eb1042423ff7ff72ba2c31f"
+
+[[package]]
+name = "wasi"
+version = "0.11.0+wasi-snapshot-preview1"
+source = "registry+https://github.com/rust-lang/crates.io-index"
+checksum = "9c8d87e72b64a3b4db28d11ce29237c246188f4f51057d65a7eab63b7987e423"
+
+[[package]]
+name = "wasm-bindgen"
+version = "0.2.83"
+source = "registry+https://github.com/rust-lang/crates.io-index"
+checksum = "eaf9f5aceeec8be17c128b2e93e031fb8a4d469bb9c4ae2d7dc1888b26887268"
+dependencies = [
+ "cfg-if 1.0.0",
+ "wasm-bindgen-macro",
+]
+
+[[package]]
+name = "wasm-bindgen-backend"
+version = "0.2.83"
+source = "registry+https://github.com/rust-lang/crates.io-index"
+checksum = "4c8ffb332579b0557b52d268b91feab8df3615f265d5270fec2a8c95b17c1142"
+dependencies = [
+ "bumpalo",
+ "log",
+ "once_cell",
+ "proc-macro2",
+ "quote",
+ "syn",
+ "wasm-bindgen-shared",
+]
+
+[[package]]
+name = "wasm-bindgen-macro"
+version = "0.2.83"
+source = "registry+https://github.com/rust-lang/crates.io-index"
+checksum = "052be0f94026e6cbc75cdefc9bae13fd6052cdcaf532fa6c45e7ae33a1e6c810"
+dependencies = [
+ "quote",
+ "wasm-bindgen-macro-support",
+]
+
+[[package]]
+name = "wasm-bindgen-macro-support"
+version = "0.2.83"
+source = "registry+https://github.com/rust-lang/crates.io-index"
+checksum = "07bc0c051dc5f23e307b13285f9d75df86bfdf816c5721e573dec1f9b8aa193c"
+dependencies = [
+ "proc-macro2",
+ "quote",
+ "syn",
+ "wasm-bindgen-backend",
+ "wasm-bindgen-shared",
+]
+
+[[package]]
+name = "wasm-bindgen-shared"
+version = "0.2.83"
+source = "registry+https://github.com/rust-lang/crates.io-index"
+checksum = "1c38c045535d93ec4f0b4defec448e4291638ee608530863b1e2ba115d4fff7f"
 
 [[package]]
 name = "wasm-pack"
